{
  "name": "mongomq",
  "version": "0.3.9",
  "dependencies": {
    "mongodb": {
      "version": "2.2.19",
      "from": "mongodb@2.2.19",
      "resolved": "https://registry.npmjs.org/mongodb/-/mongodb-2.2.19.tgz",
      "dependencies": {
        "mongodb-core": {
          "version": "2.1.2",
          "from": "git+https://github.com/bfudge/mongodb-core.git#7de5b758a780622578744ca9f43b2450c140d6ec",
          "resolved": "git+https://github.com/bfudge/mongodb-core.git#7de5b758a780622578744ca9f43b2450c140d6ec"
        }
      }
    }
  }
}
